--- 
specs: 
- rake: 
    version: 0.8.7
- RedCloth: 
    version: 4.2.3
- activesupport: 
    version: 2.3.5
- rack: 
    version: 1.0.1
- actionpack: 
    version: 2.3.5
- actionmailer: 
    version: 2.3.5
- activerecord: 
    version: 2.3.5
- activeresource: 
    version: 2.3.5
- builder: 
    version: 2.1.2
- mime-types: 
    version: "1.16"
- xml-simple: 
    version: 1.0.12
- aws-s3: 
    version: 0.6.2
- haml: 
    version: 2.2.22
- hassle: 
    version: 0.0.1
- paperclip: 
    version: 2.3.1.1
- pg: 
    version: 0.9.0
- rails: 
    version: 2.3.5
- rdiscount: 
    version: 1.6.3
- sqlite3-ruby: 
    version: 1.2.5
hash: a87d02c258a276baa6845323b934bd8f63db17f2
sources: []

dependencies: 
  sqlite3-ruby: 
    version: ">= 0"
    group: 
    - :development
  hassle: 
    version: ">= 0"
    group: 
    - :default
  rails: 
    version: = 2.3.5
    group: 
    - :default
  pg: 
    version: ">= 0"
    group: 
    - :production
  paperclip: 
    version: ">= 0"
    group: 
    - :default
  rdiscount: 
    version: = 1.6.3
    group: 
    - :default
  aws-s3: 
    version: ">= 0"
    require: 
    - aws/s3
    group: 
    - :default
  RedCloth: 
    version: ">= 0"
    group: 
    - :default
